// !$*UTF8*$!
{
	archiveVersion = 1;
	classes = {
	};
	objectVersion = 56;
	objects = {

/* Begin PBXBuildFile section */
		07DA41FFA232FEE60CB2E569 /* QRScannerView.swift in Sources */ = {isa = PBXBuildFile; fileRef = 0B714770931F82322F129C80 /* QRScannerView.swift */; };
		087B45B9B77969BCB0B6E2B2 /* NetworkUtility.swift in Sources */ = {isa = PBXBuildFile; fileRef = 13BF4A7EAE38912433B6A8FB /* NetworkUtility.swift */; };
		0BA44E8E86CCBE8E499FA285 /* VideoEncoderService.swift in Sources */ = {isa = PBXBuildFile; fileRef = 84B64050928BE53A97B638EE /* VideoEncoderService.swift */; };
		12BC40BDA33D5B836AB82A07 /* CameraKeychain.swift in Sources */ = {isa = PBXBuildFile; fileRef = C6AA4DEC88E33D41C028424C /* CameraKeychain.swift */; };
		160F442A8BCD70DDD66FAA87 /* CameraP2PStore.swift in Sources */ = {isa = PBXBuildFile; fileRef = 233E4BBC9D472FD083BDC87B /* CameraP2PStore.swift */; };
		26054E7A86E6C25B4E08B5AB /* CameraLogger.swift in Sources */ = {isa = PBXBuildFile; fileRef = DF3245AFAF948F81FC481138 /* CameraLogger.swift */; };
		298842ACABFE609082F8D369 /* AppSecrets.swift in Sources */ = {isa = PBXBuildFile; fileRef = F1E94E858CF0E1D9FC278832 /* AppSecrets.swift */; };
		312E4885AA74E517548D7FEA /* P2PMessage.swift in Sources */ = {isa = PBXBuildFile; fileRef = 48A34014AEBBEC7A18A7C7BC /* P2PMessage.swift */; };
		3AA64476AB0FBBC815F3410B /* CameraCaptureService.swift in Sources */ = {isa = PBXBuildFile; fileRef = AB7E432F9284753E20C6735A /* CameraCaptureService.swift */; };
		5B2144D197626D3DC5E5E0AA /* P2PClientService.swift in Sources */ = {isa = PBXBuildFile; fileRef = 1F944E1C9E6CFBD7F3471AF3 /* P2PClientService.swift */; };
		73954D8184E300759ADAD4B8 /* CameraAppState.swift in Sources */ = {isa = PBXBuildFile; fileRef = A0D34F1D81F1CEE57C6F05A1 /* CameraAppState.swift */; };
		9D06473BBDEA034C4C23E63F /* CameraSharedTypes.swift in Sources */ = {isa = PBXBuildFile; fileRef = 83784AC5AA11B072D619C4EE /* CameraSharedTypes.swift */; };
		'A1000001' = {isa = PBXBuildFile; fileRef = A1000010; };
		'A1000002' = {isa = PBXBuildFile; fileRef = A1000011; };
		'A1000003' = {isa = PBXBuildFile; fileRef = A1000012; };
		B808436FA307BB4C41DA4B38 /* PhotoTransferService.swift in Sources */ = {isa = PBXBuildFile; fileRef = B74C43EE8713624AEFAD0B16 /* PhotoTransferService.swift */; };
/* End PBXBuildFile section */

/* Begin PBXFileReference section */
		0B714770931F82322F129C80 /* QRScannerView.swift */ = {isa = PBXFileReference; lastKnownFileType = sourcecode.swift; name = QRScannerView.swift; path = HaispaceCamera/HaispaceCamera/QRScannerView.swift; sourceTree = SOURCE_ROOT; };
		13BF4A7EAE38912433B6A8FB /* NetworkUtility.swift */ = {isa = PBXFileReference; lastKnownFileType = sourcecode.swift; name = NetworkUtility.swift; path = HaispaceCamera/HaispaceCamera/Core/Network/NetworkUtility.swift; sourceTree = SOURCE_ROOT; };
		1F944E1C9E6CFBD7F3471AF3 /* P2PClientService.swift */ = {isa = PBXFileReference; lastKnownFileType = sourcecode.swift; name = P2PClientService.swift; path = HaispaceCamera/HaispaceCamera/Services/P2P/P2PClientService.swift; sourceTree = SOURCE_ROOT; };
		233E4BBC9D472FD083BDC87B /* CameraP2PStore.swift */ = {isa = PBXFileReference; lastKnownFileType = sourcecode.swift; name = CameraP2PStore.swift; path = HaispaceCamera/HaispaceCamera/Core/State/CameraP2PStore.swift; sourceTree = SOURCE_ROOT; };
		48A34014AEBBEC7A18A7C7BC /* P2PMessage.swift */ = {isa = PBXFileReference; lastKnownFileType = sourcecode.swift; name = P2PMessage.swift; path = HaispaceCamera/HaispaceCamera/Models/P2PMessage.swift; sourceTree = SOURCE_ROOT; };
		83784AC5AA11B072D619C4EE /* CameraSharedTypes.swift */ = {isa = PBXFileReference; lastKnownFileType = sourcecode.swift; name = CameraSharedTypes.swift; path = HaispaceCamera/HaispaceCamera/Core/CameraSharedTypes.swift; sourceTree = SOURCE_ROOT; };
		84B64050928BE53A97B638EE /* VideoEncoderService.swift */ = {isa = PBXFileReference; lastKnownFileType = sourcecode.swift; name = VideoEncoderService.swift; path = HaispaceCamera/HaispaceCamera/Services/Camera/VideoEncoderService.swift; sourceTree = SOURCE_ROOT; };
		A0D34F1D81F1CEE57C6F05A1 /* CameraAppState.swift */ = {isa = PBXFileReference; lastKnownFileType = sourcecode.swift; name = CameraAppState.swift; path = HaispaceCamera/HaispaceCamera/Core/State/CameraAppState.swift; sourceTree = SOURCE_ROOT; };
		'A1000005' = {isa = PBXFileReference; explicitFileType = wrapper.application; includeInIndex = 0; path = HaispaceCamera.app; sourceTree = BUILT_PRODUCTS_DIR; };
		'A1000010' = {isa = PBXFileReference; lastKnownFileType = sourcecode.swift; path = HaisspaceCameraApp.swift; sourceTree = "<group>"; };
		'A1000011' = {isa = PBXFileReference; lastKnownFileType = sourcecode.swift; path = ContentView.swift; sourceTree = "<group>"; };
		'A1000012' = {isa = PBXFileReference; lastKnownFileType = sourcecode.swift; path = CameraView.swift; sourceTree = "<group>"; };
		'A1000013' = {isa = PBXFileReference; lastKnownFileType = text.plist.xml; path = Info.plist; sourceTree = "<group>"; };
		AB7E432F9284753E20C6735A /* CameraCaptureService.swift */ = {isa = PBXFileReference; lastKnownFileType = sourcecode.swift; name = CameraCaptureService.swift; path = HaispaceCamera/HaispaceCamera/Services/Camera/CameraCaptureService.swift; sourceTree = SOURCE_ROOT; };
		B74C43EE8713624AEFAD0B16 /* PhotoTransferService.swift */ = {isa = PBXFileReference; lastKnownFileType = sourcecode.swift; name = PhotoTransferService.swift; path = HaispaceCamera/HaispaceCamera/Services/Camera/PhotoTransferService.swift; sourceTree = SOURCE_ROOT; };
		C6AA4DEC88E33D41C028424C /* CameraKeychain.swift */ = {isa = PBXFileReference; lastKnownFileType = sourcecode.swift; name = CameraKeychain.swift; path = HaispaceCamera/HaispaceCamera/Core/Security/CameraKeychain.swift; sourceTree = SOURCE_ROOT; };
		DF3245AFAF948F81FC481138 /* CameraLogger.swift */ = {isa = PBXFileReference; lastKnownFileType = sourcecode.swift; name = CameraLogger.swift; path = HaispaceCamera/HaispaceCamera/Core/Logging/CameraLogger.swift; sourceTree = SOURCE_ROOT; };
		F1E94E858CF0E1D9FC278832 /* AppSecrets.swift */ = {isa = PBXFileReference; lastKnownFileType = sourcecode.swift; name = AppSecrets.swift; path = HaispaceCamera/HaispaceCamera/Core/Security/AppSecrets.swift; sourceTree = SOURCE_ROOT; };
/* End PBXFileReference section */

/* Begin PBXFrameworksBuildPhase section */
		'A1000020' = {
			isa = PBXFrameworksBuildPhase;
			buildActionMask = 2147483647;
			files = (
			);
			runOnlyForDeploymentPostprocessing = 0;
		};
/* End PBXFrameworksBuildPhase section */

/* Begin PBXGroup section */
		'A1000030' = {
			isa = PBXGroup;
			children = (
				A1000010,
				A1000011,
				A1000012,
				A1000013,
			);
			path = HaispaceCamera;
			sourceTree = "<group>";
		};
		'A1000031' = {
			isa = PBXGroup;
			children = (
				A1000005,
			);
			name = Products;
			sourceTree = "<group>";
		};
		'A1000032' = {
			isa = PBXGroup;
			children = (
				A1000030,
				A1000031,
				0B714770931F82322F129C80 /* QRScannerView.swift */,
				83784AC5AA11B072D619C4EE /* CameraSharedTypes.swift */,
				DF3245AFAF948F81FC481138 /* CameraLogger.swift */,
				13BF4A7EAE38912433B6A8FB /* NetworkUtility.swift */,
				F1E94E858CF0E1D9FC278832 /* AppSecrets.swift */,
				C6AA4DEC88E33D41C028424C /* CameraKeychain.swift */,
				A0D34F1D81F1CEE57C6F05A1 /* CameraAppState.swift */,
				233E4BBC9D472FD083BDC87B /* CameraP2PStore.swift */,
				48A34014AEBBEC7A18A7C7BC /* P2PMessage.swift */,
				AB7E432F9284753E20C6735A /* CameraCaptureService.swift */,
				B74C43EE8713624AEFAD0B16 /* PhotoTransferService.swift */,
				84B64050928BE53A97B638EE /* VideoEncoderService.swift */,
				1F944E1C9E6CFBD7F3471AF3 /* P2PClientService.swift */,
			);
			sourceTree = "<group>";
		};
/* End PBXGroup section */

/* Begin PBXNativeTarget section */
		'A1000040' = {
			isa = PBXNativeTarget;
			buildConfigurationList = A1000050;
			buildPhases = (
				A1000021,
				A1000020,
				A1000022,
			);
			buildRules = (
			);
			dependencies = (
			);
			name = HaispaceCamera;
			productName = HaispaceCamera;
			productReference = A1000005;
			productType = "com.apple.product-type.application";
		};
/* End PBXNativeTarget section */

/* Begin PBXProject section */
		'A1000060' = {
			isa = PBXProject;
			attributes = {
				BuildIndependentTargetsInParallel = 1;
				LastSwiftUpdateCheck = 1600;
				LastUpgradeCheck = 1600;
			};
			buildConfigurationList = A1000061;
			compatibilityVersion = "Xcode 14.0";
			developmentRegion = en;
			hasScannedForEncodings = 0;
			knownRegions = (
				en,
				Base,
			);
			mainGroup = A1000032;
			productRefGroup = A1000031;
			projectDirPath = "";
			projectRoot = "";
			targets = (
				A1000040,
			);
		};
/* End PBXProject section */

/* Begin PBXResourcesBuildPhase section */
		'A1000022' = {
			isa = PBXResourcesBuildPhase;
			buildActionMask = 2147483647;
			files = (
			);
			runOnlyForDeploymentPostprocessing = 0;
		};
/* End PBXResourcesBuildPhase section */

/* Begin PBXSourcesBuildPhase section */
		'A1000021' = {
			isa = PBXSourcesBuildPhase;
			buildActionMask = 2147483647;
			files = (
				A1000001,
				A1000002,
				A1000003,
				07DA41FFA232FEE60CB2E569 /* QRScannerView.swift in Sources */,
				9D06473BBDEA034C4C23E63F /* CameraSharedTypes.swift in Sources */,
				26054E7A86E6C25B4E08B5AB /* CameraLogger.swift in Sources */,
				087B45B9B77969BCB0B6E2B2 /* NetworkUtility.swift in Sources */,
				298842ACABFE609082F8D369 /* AppSecrets.swift in Sources */,
				12BC40BDA33D5B836AB82A07 /* CameraKeychain.swift in Sources */,
				73954D8184E300759ADAD4B8 /* CameraAppState.swift in Sources */,
				160F442A8BCD70DDD66FAA87 /* CameraP2PStore.swift in Sources */,
				312E4885AA74E517548D7FEA /* P2PMessage.swift in Sources */,
				3AA64476AB0FBBC815F3410B /* CameraCaptureService.swift in Sources */,
				B808436FA307BB4C41DA4B38 /* PhotoTransferService.swift in Sources */,
				0BA44E8E86CCBE8E499FA285 /* VideoEncoderService.swift in Sources */,
				5B2144D197626D3DC5E5E0AA /* P2PClientService.swift in Sources */,
			);
			runOnlyForDeploymentPostprocessing = 0;
		};
/* End PBXSourcesBuildPhase section */

/* Begin XCBuildConfiguration section */
		'A1000070' = {
			isa = XCBuildConfiguration;
			buildSettings = {
				ALWAYS_SEARCH_USER_PATHS = NO;
				CLANG_ENABLE_MODULES = YES;
				CLANG_ENABLE_OBJC_ARC = YES;
				CLANG_WARN_BOOL_CONVERSION = YES;
				CLANG_WARN_CONSTANT_CONVERSION = YES;
				CLANG_WARN_DEPRECATED_OBJC_IMPLEMENTATIONS = YES;
				CLANG_WARN_DIRECT_OBJC_ISA_USAGE = YES_ERROR;
				CLANG_WARN_EMPTY_BODY = YES;
				CLANG_WARN_ENUM_CONVERSION = YES;
				CLANG_WARN_INT_CONVERSION = YES;
				CLANG_WARN_UNREACHABLE_CODE = YES;
				COPY_PHASE_STRIP = NO;
				DEBUG_INFORMATION_FORMAT = dwarf;
				ENABLE_TESTABILITY = YES;
				GCC_NO_COMMON_BLOCKS = YES;
				GCC_OPTIMIZATION_LEVEL = 0;
				GCC_PREPROCESSOR_DEFINITIONS = (
					"DEBUG=1",
					"$(inherited)",
				);
				GCC_WARN_64_TO_32_BIT_CONVERSION = YES;
				GCC_WARN_ABOUT_RETURN_TYPE = YES_ERROR;
				GCC_WARN_UNDECLARED_SELECTOR = YES;
				GCC_WARN_UNINITIALIZED_AUTOS = YES_AGGRESSIVE;
				GCC_WARN_UNUSED_FUNCTION = YES;
				GCC_WARN_UNUSED_VARIABLE = YES;
				IPHONEOS_DEPLOYMENT_TARGET = 17.0;
				ONLY_ACTIVE_ARCH = YES;
				SDKROOT = iphoneos;
				SWIFT_ACTIVE_COMPILATION_CONDITIONS = "DEBUG $(inherited)";
				SWIFT_OPTIMIZATION_LEVEL = "-Onone";
			};
			name = Debug;
		};
		'A1000071' = {
			isa = XCBuildConfiguration;
			buildSettings = {
				ALWAYS_SEARCH_USER_PATHS = NO;
				CLANG_ENABLE_MODULES = YES;
				CLANG_ENABLE_OBJC_ARC = YES;
				CLANG_WARN_BOOL_CONVERSION = YES;
				CLANG_WARN_CONSTANT_CONVERSION = YES;
				CLANG_WARN_DEPRECATED_OBJC_IMPLEMENTATIONS = YES;
				CLANG_WARN_DIRECT_OBJC_ISA_USAGE = YES_ERROR;
				CLANG_WARN_EMPTY_BODY = YES;
				CLANG_WARN_ENUM_CONVERSION = YES;
				CLANG_WARN_INT_CONVERSION = YES;
				CLANG_WARN_UNREACHABLE_CODE = YES;
				COPY_PHASE_STRIP = NO;
				DEBUG_INFORMATION_FORMAT = "dwarf-with-dsym";
				ENABLE_NS_ASSERTIONS = NO;
				GCC_NO_COMMON_BLOCKS = YES;
				GCC_WARN_64_TO_32_BIT_CONVERSION = YES;
				GCC_WARN_ABOUT_RETURN_TYPE = YES_ERROR;
				GCC_WARN_UNDECLARED_SELECTOR = YES;
				GCC_WARN_UNINITIALIZED_AUTOS = YES_AGGRESSIVE;
				GCC_WARN_UNUSED_FUNCTION = YES;
				GCC_WARN_UNUSED_VARIABLE = YES;
				IPHONEOS_DEPLOYMENT_TARGET = 17.0;
				SDKROOT = iphoneos;
				SWIFT_COMPILATION_MODE = wholemodule;
				VALIDATE_PRODUCT = YES;
			};
			name = Release;
		};
		'A1000072' = {
			isa = XCBuildConfiguration;
			buildSettings = {
				CODE_SIGN_STYLE = Automatic;
				CURRENT_PROJECT_VERSION = 1;
				GENERATE_INFOPLIST_FILE = NO;
				INFOPLIST_FILE = HaispaceCamera/Info.plist;
				IPHONEOS_DEPLOYMENT_TARGET = 17.0;
				LD_RUNPATH_SEARCH_PATHS = (
					"$(inherited)",
					"@executable_path/Frameworks",
				);
				MARKETING_VERSION = 1.0;
				PRODUCT_BUNDLE_IDENTIFIER = id.haispaceproject.camera;
				PRODUCT_NAME = "$(TARGET_NAME)";
				SUPPORTED_PLATFORMS = iphoneos;
				SUPPORTS_MACCATALYST = NO;
				SWIFT_EMIT_LOC_STRINGS = YES;
				SWIFT_VERSION = 5.0;
				TARGETED_DEVICE_FAMILY = 1;
			};
			name = Debug;
		};
		'A1000073' = {
			isa = XCBuildConfiguration;
			buildSettings = {
				CODE_SIGN_STYLE = Automatic;
				CURRENT_PROJECT_VERSION = 1;
				GENERATE_INFOPLIST_FILE = NO;
				INFOPLIST_FILE = HaispaceCamera/Info.plist;
				IPHONEOS_DEPLOYMENT_TARGET = 17.0;
				LD_RUNPATH_SEARCH_PATHS = (
					"$(inherited)",
					"@executable_path/Frameworks",
				);
				MARKETING_VERSION = 1.0;
				PRODUCT_BUNDLE_IDENTIFIER = id.haispaceproject.camera;
				PRODUCT_NAME = "$(TARGET_NAME)";
				SUPPORTED_PLATFORMS = iphoneos;
				SUPPORTS_MACCATALYST = NO;
				SWIFT_EMIT_LOC_STRINGS = YES;
				SWIFT_VERSION = 5.0;
				TARGETED_DEVICE_FAMILY = 1;
			};
			name = Release;
		};
/* End XCBuildConfiguration section */

/* Begin XCConfigurationList section */
		'A1000050' = {
			isa = XCConfigurationList;
			buildConfigurations = (
				A1000072,
				A1000073,
			);
			defaultConfigurationIsVisible = 0;
			defaultConfigurationName = Release;
		};
		'A1000061' = {
			isa = XCConfigurationList;
			buildConfigurations = (
				A1000070,
				A1000071,
			);
			defaultConfigurationIsVisible = 0;
			defaultConfigurationName = Release;
		};
/* End XCConfigurationList section */
	};
	rootObject = A1000060;
}
